<?xml version="1.0" encoding="utf-8"?>
<Project ToolsVersion="4.0" xmlns="http://schemas.microsoft.com/developer/msbuild/2003">
  <ItemGroup>
    <Filter Include="Source Files">
      <UniqueIdentifier>{4FC737F1-C7A5-4376-A066-2A32D752A2FF}</UniqueIdentifier>
      <Extensions>cpp;c;cc;cxx;c++;cppm;ixx;def;odl;idl;hpj;bat;asm;asmx</Extensions>
    </Filter>
    <Filter Include="Header Files">
      <UniqueIdentifier>{93995380-89BD-4b04-88EB-625FBE52EBFB}</UniqueIdentifier>
      <Extensions>h;hh;hpp;hxx;h++;hm;inl;inc;ipp;xsd</Extensions>
    </Filter>
    <Filter Include="Resource Files">
      <UniqueIdentifier>{67DA6AB6-F800-4c08-8B7A-83BB121AAD01}</UniqueIdentifier>
      <Extensions>rc;ico;cur;bmp;dlg;rc2;rct;bin;rgs;gif;jpg;jpeg;jpe;resx;tiff;tif;png;wav;mfcribbon-ms</Extensions>
    </Filter>
  </ItemGroup>
  <ItemGroup>
    <ClCompile Include="source\cheat\classes\classes.cpp">
      <Filter>Source Files</Filter>
    </ClCompile>
    <ClCompile Include="source\cheat\comms\comms.cpp">
      <Filter>Source Files</Filter>
    </ClCompile>
    <ClCompile Include="source\cheat\features\features.cpp">
      <Filter>Source Files</Filter>
    </ClCompile>
    <ClCompile Include="source\cheat\features\cache\cache.cpp">
      <Filter>Source Files</Filter>
    </ClCompile>
    <ClCompile Include="source\cheat\features\visuals\visuals.cpp">
      <Filter>Source Files</Filter>
    </ClCompile>
    <ClCompile Include="source\main.cpp">
      <Filter>Source Files</Filter>
    </ClCompile>
    <ClCompile Include="source\globals\globals.cpp">
      <Filter>Source Files</Filter>
    </ClCompile>
    <ClCompile Include="source\menu\menu.cpp">
      <Filter>Source Files</Filter>
    </ClCompile>
    <ClCompile Include="source\menu\overlay\overlay.cpp">
      <Filter>Source Files</Filter>
    </ClCompile>
    <ClCompile Include="source\menu\bind\keybind.cpp">
      <Filter>Source Files</Filter>
    </ClCompile>
    <ClCompile Include="libraries\imgui\imgui.cpp">
      <Filter>Source Files</Filter>
    </ClCompile>
    <ClCompile Include="libraries\imgui\imgui_demo.cpp">
      <Filter>Source Files</Filter>
    </ClCompile>
    <ClCompile Include="libraries\imgui\imgui_draw.cpp">
      <Filter>Source Files</Filter>
    </ClCompile>
    <ClCompile Include="libraries\imgui\imgui_impl_dx11.cpp">
      <Filter>Source Files</Filter>
    </ClCompile>
    <ClCompile Include="libraries\imgui\imgui_impl_win32.cpp">
      <Filter>Source Files</Filter>
    </ClCompile>
    <ClCompile Include="libraries\imgui\imgui_tables.cpp">
      <Filter>Source Files</Filter>
    </ClCompile>
    <ClCompile Include="libraries\imgui\imgui_widgets.cpp">
      <Filter>Source Files</Filter>
    </ClCompile>
    <ClCompile Include="libraries\imgui\freetype\imgui_freetype.cpp">
      <Filter>Source Files</Filter>
    </ClCompile>
  </ItemGroup>
  <ItemGroup>
    <ClInclude Include="source\cheat\classes\classes.hpp">
      <Filter>Header Files</Filter>
    </ClInclude>
    <ClInclude Include="source\cheat\comms\comms.hpp">
      <Filter>Header Files</Filter>
    </ClInclude>
    <ClInclude Include="source\cheat\features\features.hpp">
      <Filter>Header Files</Filter>
    </ClInclude>
    <ClInclude Include="source\cheat\features\cache\cache.hpp">
      <Filter>Header Files</Filter>
    </ClInclude>
    <ClInclude Include="source\cheat\features\visuals\visuals.hpp">
      <Filter>Header Files</Filter>
    </ClInclude>
    <ClInclude Include="source\globals\globals.hpp">
      <Filter>Header Files</Filter>
    </ClInclude>
    <ClInclude Include="source\menu\menu.hpp">
      <Filter>Header Files</Filter>
    </ClInclude>
    <ClInclude Include="source\menu\overlay\overlay.hpp">
      <Filter>Header Files</Filter>
    </ClInclude>
    <ClInclude Include="source\menu\bind\keybind.h">
      <Filter>Header Files</Filter>
    </ClInclude>
    <ClInclude Include="libraries\imgui\imconfig.h">
      <Filter>Header Files</Filter>
    </ClInclude>
    <ClInclude Include="libraries\imgui\imgui.h">
      <Filter>Header Files</Filter>
    </ClInclude>
    <ClInclude Include="libraries\imgui\imgui_impl_dx11.h">
      <Filter>Header Files</Filter>
    </ClInclude>
    <ClInclude Include="libraries\imgui\imgui_impl_win32.h">
      <Filter>Header Files</Filter>
    </ClInclude>
    <ClInclude Include="libraries\imgui\imgui_internal.h">
      <Filter>Header Files</Filter>
    </ClInclude>
    <ClInclude Include="libraries\imgui\imgui_offset_rect.h">
      <Filter>Header Files</Filter>
    </ClInclude>
    <ClInclude Include="libraries\imgui\imstb_rectpack.h">
      <Filter>Header Files</Filter>
    </ClInclude>
    <ClInclude Include="libraries\imgui\imstb_textedit.h">
      <Filter>Header Files</Filter>
    </ClInclude>
    <ClInclude Include="libraries\imgui\imstb_truetype.h">
      <Filter>Header Files</Filter>
    </ClInclude>
    <ClInclude Include="source\utils\offsets\offsets.hpp">
      <Filter>Header Files</Filter>
    </ClInclude>
    <ClInclude Include="libraries\imgui\freetype\imgui_freetype.h">
      <Filter>Header Files</Filter>
    </ClInclude>
    <ClInclude Include="source\utils\math\math.h">
      <Filter>Header Files</Filter>
    </ClInclude>
    <ClInclude Include="source\main.h">
      <Filter>Header Files</Filter>
    </ClInclude>
  </ItemGroup>
  <ItemGroup>
    <MASM Include="source\cheat\comms\luck.asm">
      <Filter>Source Files</Filter>
    </MASM>
  </ItemGroup>
</Project>